// !$*UTF8*$!
{
	archiveVersion = 1;
	classes = {
	};
	objectVersion = 51;
	objects = {

/* Begin PBXBuildFile section */
		30C22C0E263CE6A3156C62FB /* Pods_SwiftRepositories__macOS_.framework in Frameworks */ = {isa = PBXBuildFile; fileRef = 2E55BE06342B63C1AA4EFE97 /* Pods_SwiftRepositories__macOS_.framework */; };
		8F7149EF26AA065100E42AF1 /* RepositoryDetailsViewController.swift in Sources */ = {isa = PBXBuildFile; fileRef = 8F7149EE26AA065100E42AF1 /* RepositoryDetailsViewController.swift */; };
		8F7149F026AA065100E42AF1 /* RepositoryDetailsViewController.swift in Sources */ = {isa = PBXBuildFile; fileRef = 8F7149EE26AA065100E42AF1 /* RepositoryDetailsViewController.swift */; };
		8F945A1226A8CF9F00952062 /* Assets.xcassets in Resources */ = {isa = PBXBuildFile; fileRef = 8F9459FD26A8CF9F00952062 /* Assets.xcassets */; };
		8F945A1326A8CF9F00952062 /* Assets.xcassets in Resources */ = {isa = PBXBuildFile; fileRef = 8F9459FD26A8CF9F00952062 /* Assets.xcassets */; };
		8F945A2026A8D27500952062 /* RepositoriesService.swift in Sources */ = {isa = PBXBuildFile; fileRef = 8F945A1F26A8D27500952062 /* RepositoriesService.swift */; };
		8F945A2626A8DA2B00952062 /* RepositoriesViewController.swift in Sources */ = {isa = PBXBuildFile; fileRef = 8F945A2526A8DA2B00952062 /* RepositoriesViewController.swift */; };
		8F945A2726A8DA2B00952062 /* RepositoriesViewController.swift in Sources */ = {isa = PBXBuildFile; fileRef = 8F945A2526A8DA2B00952062 /* RepositoriesViewController.swift */; };
		8F945A2A26A8EB6900952062 /* RepositoryTableViewCell.swift in Sources */ = {isa = PBXBuildFile; fileRef = 8F945A2826A8EB6900952062 /* RepositoryTableViewCell.swift */; };
		8F945A2B26A8EB6900952062 /* RepositoryTableViewCell.swift in Sources */ = {isa = PBXBuildFile; fileRef = 8F945A2826A8EB6900952062 /* RepositoryTableViewCell.swift */; };
		8F945A2C26A8EB6900952062 /* RepositoryTableViewCell.xib in Resources */ = {isa = PBXBuildFile; fileRef = 8F945A2926A8EB6900952062 /* RepositoryTableViewCell.xib */; };
		8F945A2D26A8EB6900952062 /* RepositoryTableViewCell.xib in Resources */ = {isa = PBXBuildFile; fileRef = 8F945A2926A8EB6900952062 /* RepositoryTableViewCell.xib */; };
		8F945A2F26A8EBD200952062 /* LaunchScreen.storyboard in Resources */ = {isa = PBXBuildFile; fileRef = 8F945A2E26A8EBD200952062 /* LaunchScreen.storyboard */; };
		8F945A3026A8EBD200952062 /* LaunchScreen.storyboard in Resources */ = {isa = PBXBuildFile; fileRef = 8F945A2E26A8EBD200952062 /* LaunchScreen.storyboard */; };
		8F945A3426A8EE4200952062 /* CommonErrors.swift in Sources */ = {isa = PBXBuildFile; fileRef = 8F945A3326A8EE4200952062 /* CommonErrors.swift */; };
		8F945A3526A8EE4200952062 /* CommonErrors.swift in Sources */ = {isa = PBXBuildFile; fileRef = 8F945A3326A8EE4200952062 /* CommonErrors.swift */; };
		8F945A3626A8FA1B00952062 /* AppDelegate.swift in Sources */ = {isa = PBXBuildFile; fileRef = 8F945A1D26A8D1A800952062 /* AppDelegate.swift */; };
		8F945A3826A8FCE300952062 /* Repository.swift in Sources */ = {isa = PBXBuildFile; fileRef = 8F945A3726A8FCE300952062 /* Repository.swift */; };
		8F945A3E26A9013800952062 /* RepositoriesDecodable.swift in Sources */ = {isa = PBXBuildFile; fileRef = 8F945A3D26A9013800952062 /* RepositoriesDecodable.swift */; };
		8F945A4226A90C8600952062 /* Owner.swift in Sources */ = {isa = PBXBuildFile; fileRef = 8F945A4126A90C8600952062 /* Owner.swift */; };
		8F945A4526A90F6F00952062 /* UIViewController+ProgressHUD.swift in Sources */ = {isa = PBXBuildFile; fileRef = 8F945A4426A90F6F00952062 /* UIViewController+ProgressHUD.swift */; };
		8F945A4726A90FB100952062 /* NibReusable.swift in Sources */ = {isa = PBXBuildFile; fileRef = 8F945A4626A90FB100952062 /* NibReusable.swift */; };
		B3AB1A5326AA14700099A8B6 /* RepositoriesViewModel.swift in Sources */ = {isa = PBXBuildFile; fileRef = B3AB1A5226AA14700099A8B6 /* RepositoriesViewModel.swift */; };
		B3C1F30426AB3DD00039C755 /* RepositoryDetailsViewModel.swift in Sources */ = {isa = PBXBuildFile; fileRef = B3C1F30326AB3DD00039C755 /* RepositoryDetailsViewModel.swift */; };
		B3C1F30626AB41E40039C755 /* RepositoriesViewModelProtocol.swift in Sources */ = {isa = PBXBuildFile; fileRef = B3C1F30526AB41E40039C755 /* RepositoriesViewModelProtocol.swift */; };
		B3C1F30826AB42040039C755 /* RepositoriesViewDelegate.swift in Sources */ = {isa = PBXBuildFile; fileRef = B3C1F30726AB42040039C755 /* RepositoriesViewDelegate.swift */; };
		B3C1F30A26AB42320039C755 /* RepositoryDetailsViewModelProtocol.swift in Sources */ = {isa = PBXBuildFile; fileRef = B3C1F30926AB42320039C755 /* RepositoryDetailsViewModelProtocol.swift */; };
		B3C1F31526AB4ADC0039C755 /* AppDelegate.swift in Sources */ = {isa = PBXBuildFile; fileRef = 8F945A1D26A8D1A800952062 /* AppDelegate.swift */; };
		B3C1F31726AB4C880039C755 /* UIViewController+Instantiate.swift in Sources */ = {isa = PBXBuildFile; fileRef = B3C1F31626AB4C880039C755 /* UIViewController+Instantiate.swift */; };
		B3C1F31926AB4D490039C755 /* RepositoryDetailsViewController.xib in Resources */ = {isa = PBXBuildFile; fileRef = B3C1F31826AB4D490039C755 /* RepositoryDetailsViewController.xib */; };
		B3C1F31B26AB4E830039C755 /* RepositoriesViewController.xib in Resources */ = {isa = PBXBuildFile; fileRef = B3C1F31A26AB4E830039C755 /* RepositoriesViewController.xib */; };
		E190874CC925BFB292A5EC97 /* Pods_SwiftRepositories__iOS_.framework in Frameworks */ = {isa = PBXBuildFile; fileRef = 92FA7BC54F74567B9ABE0FF6 /* Pods_SwiftRepositories__iOS_.framework */; };
/* End PBXBuildFile section */

/* Begin PBXFileReference section */
		1623FCBFA9A53B9F4E22BF0D /* Pods-SwiftRepositories (iOS).release.xcconfig */ = {isa = PBXFileReference; includeInIndex = 1; lastKnownFileType = text.xcconfig; name = "Pods-SwiftRepositories (iOS).release.xcconfig"; path = "Target Support Files/Pods-SwiftRepositories (iOS)/Pods-SwiftRepositories (iOS).release.xcconfig"; sourceTree = "<group>"; };
		2E55BE06342B63C1AA4EFE97 /* Pods_SwiftRepositories__macOS_.framework */ = {isa = PBXFileReference; explicitFileType = wrapper.framework; includeInIndex = 0; path = Pods_SwiftRepositories__macOS_.framework; sourceTree = BUILT_PRODUCTS_DIR; };
		433DC8809AE030E7D898DF52 /* Pods-SwiftRepositories (macOS).debug.xcconfig */ = {isa = PBXFileReference; includeInIndex = 1; lastKnownFileType = text.xcconfig; name = "Pods-SwiftRepositories (macOS).debug.xcconfig"; path = "Target Support Files/Pods-SwiftRepositories (macOS)/Pods-SwiftRepositories (macOS).debug.xcconfig"; sourceTree = "<group>"; };
		691A032DE2F19ECBA33C37F5 /* Pods-SwiftRepositories (macOS).release.xcconfig */ = {isa = PBXFileReference; includeInIndex = 1; lastKnownFileType = text.xcconfig; name = "Pods-SwiftRepositories (macOS).release.xcconfig"; path = "Target Support Files/Pods-SwiftRepositories (macOS)/Pods-SwiftRepositories (macOS).release.xcconfig"; sourceTree = "<group>"; };
		8F7149EE26AA065100E42AF1 /* RepositoryDetailsViewController.swift */ = {isa = PBXFileReference; lastKnownFileType = sourcecode.swift; path = RepositoryDetailsViewController.swift; sourceTree = "<group>"; };
		8F9459FD26A8CF9F00952062 /* Assets.xcassets */ = {isa = PBXFileReference; lastKnownFileType = folder.assetcatalog; path = Assets.xcassets; sourceTree = "<group>"; };
		8F945A0226A8CF9F00952062 /* SwiftRepositories.app */ = {isa = PBXFileReference; explicitFileType = wrapper.application; includeInIndex = 0; path = SwiftRepositories.app; sourceTree = BUILT_PRODUCTS_DIR; };
		8F945A0526A8CF9F00952062 /* Info.plist */ = {isa = PBXFileReference; lastKnownFileType = text.plist.xml; path = Info.plist; sourceTree = "<group>"; };
		8F945A0A26A8CF9F00952062 /* SwiftRepositories.app */ = {isa = PBXFileReference; explicitFileType = wrapper.application; includeInIndex = 0; path = SwiftRepositories.app; sourceTree = BUILT_PRODUCTS_DIR; };
		8F945A0C26A8CF9F00952062 /* Info.plist */ = {isa = PBXFileReference; lastKnownFileType = text.plist.xml; path = Info.plist; sourceTree = "<group>"; };
		8F945A0D26A8CF9F00952062 /* macOS.entitlements */ = {isa = PBXFileReference; lastKnownFileType = text.plist.entitlements; path = macOS.entitlements; sourceTree = "<group>"; };
		8F945A1D26A8D1A800952062 /* AppDelegate.swift */ = {isa = PBXFileReference; lastKnownFileType = sourcecode.swift; path = AppDelegate.swift; sourceTree = "<group>"; };
		8F945A1F26A8D27500952062 /* RepositoriesService.swift */ = {isa = PBXFileReference; lastKnownFileType = sourcecode.swift; path = RepositoriesService.swift; sourceTree = "<group>"; };
		8F945A2526A8DA2B00952062 /* RepositoriesViewController.swift */ = {isa = PBXFileReference; lastKnownFileType = sourcecode.swift; path = RepositoriesViewController.swift; sourceTree = "<group>"; };
		8F945A2826A8EB6900952062 /* RepositoryTableViewCell.swift */ = {isa = PBXFileReference; lastKnownFileType = sourcecode.swift; path = RepositoryTableViewCell.swift; sourceTree = "<group>"; };
		8F945A2926A8EB6900952062 /* RepositoryTableViewCell.xib */ = {isa = PBXFileReference; lastKnownFileType = file.xib; path = RepositoryTableViewCell.xib; sourceTree = "<group>"; };
		8F945A2E26A8EBD200952062 /* LaunchScreen.storyboard */ = {isa = PBXFileReference; lastKnownFileType = file.storyboard; path = LaunchScreen.storyboard; sourceTree = "<group>"; };
		8F945A3326A8EE4200952062 /* CommonErrors.swift */ = {isa = PBXFileReference; lastKnownFileType = sourcecode.swift; path = CommonErrors.swift; sourceTree = "<group>"; };
		8F945A3726A8FCE300952062 /* Repository.swift */ = {isa = PBXFileReference; lastKnownFileType = sourcecode.swift; path = Repository.swift; sourceTree = "<group>"; };
		8F945A3D26A9013800952062 /* RepositoriesDecodable.swift */ = {isa = PBXFileReference; lastKnownFileType = sourcecode.swift; path = RepositoriesDecodable.swift; sourceTree = "<group>"; };
		8F945A4126A90C8600952062 /* Owner.swift */ = {isa = PBXFileReference; lastKnownFileType = sourcecode.swift; path = Owner.swift; sourceTree = "<group>"; };
		8F945A4426A90F6F00952062 /* UIViewController+ProgressHUD.swift */ = {isa = PBXFileReference; lastKnownFileType = sourcecode.swift; path = "UIViewController+ProgressHUD.swift"; sourceTree = "<group>"; };
		8F945A4626A90FB100952062 /* NibReusable.swift */ = {isa = PBXFileReference; lastKnownFileType = sourcecode.swift; path = NibReusable.swift; sourceTree = "<group>"; };
		92FA7BC54F74567B9ABE0FF6 /* Pods_SwiftRepositories__iOS_.framework */ = {isa = PBXFileReference; explicitFileType = wrapper.framework; includeInIndex = 0; path = Pods_SwiftRepositories__iOS_.framework; sourceTree = BUILT_PRODUCTS_DIR; };
		9D542F2E9D614785C438F141 /* Pods-SwiftRepositories (iOS).debug.xcconfig */ = {isa = PBXFileReference; includeInIndex = 1; lastKnownFileType = text.xcconfig; name = "Pods-SwiftRepositories (iOS).debug.xcconfig"; path = "Target Support Files/Pods-SwiftRepositories (iOS)/Pods-SwiftRepositories (iOS).debug.xcconfig"; sourceTree = "<group>"; };
		B3AB1A5226AA14700099A8B6 /* RepositoriesViewModel.swift */ = {isa = PBXFileReference; lastKnownFileType = sourcecode.swift; path = RepositoriesViewModel.swift; sourceTree = "<group>"; };
		B3C1F30326AB3DD00039C755 /* RepositoryDetailsViewModel.swift */ = {isa = PBXFileReference; lastKnownFileType = sourcecode.swift; path = RepositoryDetailsViewModel.swift; sourceTree = "<group>"; };
		B3C1F30526AB41E40039C755 /* RepositoriesViewModelProtocol.swift */ = {isa = PBXFileReference; fileEncoding = 4; lastKnownFileType = sourcecode.swift; path = RepositoriesViewModelProtocol.swift; sourceTree = "<group>"; };
		B3C1F30726AB42040039C755 /* RepositoriesViewDelegate.swift */ = {isa = PBXFileReference; lastKnownFileType = sourcecode.swift; path = RepositoriesViewDelegate.swift; sourceTree = "<group>"; };
		B3C1F30926AB42320039C755 /* RepositoryDetailsViewModelProtocol.swift */ = {isa = PBXFileReference; lastKnownFileType = sourcecode.swift; path = RepositoryDetailsViewModelProtocol.swift; sourceTree = "<group>"; };
		B3C1F31626AB4C880039C755 /* UIViewController+Instantiate.swift */ = {isa = PBXFileReference; lastKnownFileType = sourcecode.swift; path = "UIViewController+Instantiate.swift"; sourceTree = "<group>"; };
		B3C1F31826AB4D490039C755 /* RepositoryDetailsViewController.xib */ = {isa = PBXFileReference; lastKnownFileType = file.xib; path = RepositoryDetailsViewController.xib; sourceTree = "<group>"; };
		B3C1F31A26AB4E830039C755 /* RepositoriesViewController.xib */ = {isa = PBXFileReference; lastKnownFileType = file.xib; path = RepositoriesViewController.xib; sourceTree = "<group>"; };
/* End PBXFileReference section */

/* Begin PBXFrameworksBuildPhase section */
		8F9459FF26A8CF9F00952062 /* Frameworks */ = {
			isa = PBXFrameworksBuildPhase;
			buildActionMask = 2147483647;
			files = (
				E190874CC925BFB292A5EC97 /* Pods_SwiftRepositories__iOS_.framework in Frameworks */,
			);
			runOnlyForDeploymentPostprocessing = 0;
		};
		8F945A0726A8CF9F00952062 /* Frameworks */ = {
			isa = PBXFrameworksBuildPhase;
			buildActionMask = 2147483647;
			files = (
				30C22C0E263CE6A3156C62FB /* Pods_SwiftRepositories__macOS_.framework in Frameworks */,
			);
			runOnlyForDeploymentPostprocessing = 0;
		};
/* End PBXFrameworksBuildPhase section */

/* Begin PBXGroup section */
		8F9459F526A8CF9D00952062 = {
			isa = PBXGroup;
			children = (
				8F9459FA26A8CF9E00952062 /* Shared */,
				8F945A0B26A8CF9F00952062 /* macOS */,
				8F945A0326A8CF9F00952062 /* Products */,
				D43E4C2240CE387D7EAD97A9 /* Pods */,
				A8A294DB57F990F619C69E03 /* Frameworks */,
			);
			sourceTree = "<group>";
		};
		8F9459FA26A8CF9E00952062 /* Shared */ = {
			isa = PBXGroup;
			children = (
				B3C1F31426AB4AC80039C755 /* Support Files */,
				B3C1F30C26AB4A210039C755 /* Modules */,
				8F945A3126A8EE0400952062 /* Common */,
				8F945A1C26A8D02F00952062 /* Network */,
				8F945A1E26A8D1D900952062 /* Model */,
				B3C1F30B26AB425B0039C755 /* View */,
			);
			path = Shared;
			sourceTree = "<group>";
		};
		8F945A0326A8CF9F00952062 /* Products */ = {
			isa = PBXGroup;
			children = (
				8F945A0226A8CF9F00952062 /* SwiftRepositories.app */,
				8F945A0A26A8CF9F00952062 /* SwiftRepositories.app */,
			);
			name = Products;
			sourceTree = "<group>";
		};
		8F945A0B26A8CF9F00952062 /* macOS */ = {
			isa = PBXGroup;
			children = (
				8F945A0C26A8CF9F00952062 /* Info.plist */,
				8F945A0D26A8CF9F00952062 /* macOS.entitlements */,
			);
			path = macOS;
			sourceTree = "<group>";
		};
		8F945A1C26A8D02F00952062 /* Network */ = {
			isa = PBXGroup;
			children = (
				8F945A2126A8D30800952062 /* Services */,
			);
			path = Network;
			sourceTree = "<group>";
		};
		8F945A1E26A8D1D900952062 /* Model */ = {
			isa = PBXGroup;
			children = (
				8F945A3726A8FCE300952062 /* Repository.swift */,
				8F945A4126A90C8600952062 /* Owner.swift */,
			);
			path = Model;
			sourceTree = "<group>";
		};
		8F945A2126A8D30800952062 /* Services */ = {
			isa = PBXGroup;
			children = (
				8F945A3B26A9010E00952062 /* Repositories */,
			);
			path = Services;
			sourceTree = "<group>";
		};
		8F945A3126A8EE0400952062 /* Common */ = {
			isa = PBXGroup;
			children = (
				8F945A4826A90FD600952062 /* Utils */,
				8F945A4326A90F4200952062 /* Extension */,
				8F945A3226A8EE0C00952062 /* Erros */,
			);
			path = Common;
			sourceTree = "<group>";
		};
		8F945A3226A8EE0C00952062 /* Erros */ = {
			isa = PBXGroup;
			children = (
				8F945A3326A8EE4200952062 /* CommonErrors.swift */,
			);
			path = Erros;
			sourceTree = "<group>";
		};
		8F945A3B26A9010E00952062 /* Repositories */ = {
			isa = PBXGroup;
			children = (
				8F945A3C26A9011900952062 /* Models */,
				8F945A1F26A8D27500952062 /* RepositoriesService.swift */,
			);
			path = Repositories;
			sourceTree = "<group>";
		};
		8F945A3C26A9011900952062 /* Models */ = {
			isa = PBXGroup;
			children = (
				8F945A3D26A9013800952062 /* RepositoriesDecodable.swift */,
			);
			path = Models;
			sourceTree = "<group>";
		};
		8F945A4326A90F4200952062 /* Extension */ = {
			isa = PBXGroup;
			children = (
				B3C1F31626AB4C880039C755 /* UIViewController+Instantiate.swift */,
				8F945A4426A90F6F00952062 /* UIViewController+ProgressHUD.swift */,
			);
			path = Extension;
			sourceTree = "<group>";
		};
		8F945A4826A90FD600952062 /* Utils */ = {
			isa = PBXGroup;
			children = (
				8F945A4626A90FB100952062 /* NibReusable.swift */,
			);
			path = Utils;
			sourceTree = "<group>";
		};
		A8A294DB57F990F619C69E03 /* Frameworks */ = {
			isa = PBXGroup;
			children = (
				92FA7BC54F74567B9ABE0FF6 /* Pods_SwiftRepositories__iOS_.framework */,
				2E55BE06342B63C1AA4EFE97 /* Pods_SwiftRepositories__macOS_.framework */,
			);
			name = Frameworks;
			sourceTree = "<group>";
		};
		B3C1F30B26AB425B0039C755 /* View */ = {
			isa = PBXGroup;
			children = (
			);
			path = View;
			sourceTree = "<group>";
		};
		B3C1F30C26AB4A210039C755 /* Modules */ = {
			isa = PBXGroup;
			children = (
				B3C1F30E26AB4A320039C755 /* RepositoryDetails */,
				B3C1F30D26AB4A270039C755 /* Repositories */,
			);
			path = Modules;
			sourceTree = "<group>";
		};
		B3C1F30D26AB4A270039C755 /* Repositories */ = {
			isa = PBXGroup;
			children = (
				B3C1F31026AB4A490039C755 /* ViewModel */,
				B3C1F30F26AB4A450039C755 /* View */,
			);
			path = Repositories;
			sourceTree = "<group>";
		};
		B3C1F30E26AB4A320039C755 /* RepositoryDetails */ = {
			isa = PBXGroup;
			children = (
				B3C1F31226AB4A780039C755 /* ViewModel */,
				B3C1F31126AB4A660039C755 /* View */,
			);
			path = RepositoryDetails;
			sourceTree = "<group>";
		};
		B3C1F30F26AB4A450039C755 /* View */ = {
			isa = PBXGroup;
			children = (
				B3C1F31326AB4A970039C755 /* Cell */,
				8F945A2526A8DA2B00952062 /* RepositoriesViewController.swift */,
				B3C1F31A26AB4E830039C755 /* RepositoriesViewController.xib */,
			);
			path = View;
			sourceTree = "<group>";
		};
		B3C1F31026AB4A490039C755 /* ViewModel */ = {
			isa = PBXGroup;
			children = (
				B3C1F30526AB41E40039C755 /* RepositoriesViewModelProtocol.swift */,
				B3AB1A5226AA14700099A8B6 /* RepositoriesViewModel.swift */,
				B3C1F30726AB42040039C755 /* RepositoriesViewDelegate.swift */,
			);
			path = ViewModel;
			sourceTree = "<group>";
		};
		B3C1F31126AB4A660039C755 /* View */ = {
			isa = PBXGroup;
			children = (
				8F7149EE26AA065100E42AF1 /* RepositoryDetailsViewController.swift */,
				B3C1F31826AB4D490039C755 /* RepositoryDetailsViewController.xib */,
			);
			path = View;
			sourceTree = "<group>";
		};
		B3C1F31226AB4A780039C755 /* ViewModel */ = {
			isa = PBXGroup;
			children = (
				B3C1F30326AB3DD00039C755 /* RepositoryDetailsViewModel.swift */,
				B3C1F30926AB42320039C755 /* RepositoryDetailsViewModelProtocol.swift */,
			);
			path = ViewModel;
			sourceTree = "<group>";
		};
		B3C1F31326AB4A970039C755 /* Cell */ = {
			isa = PBXGroup;
			children = (
				8F945A2826A8EB6900952062 /* RepositoryTableViewCell.swift */,
				8F945A2926A8EB6900952062 /* RepositoryTableViewCell.xib */,
			);
			path = Cell;
			sourceTree = "<group>";
		};
		B3C1F31426AB4AC80039C755 /* Support Files */ = {
			isa = PBXGroup;
			children = (
				8F945A2E26A8EBD200952062 /* LaunchScreen.storyboard */,
				8F9459FD26A8CF9F00952062 /* Assets.xcassets */,
				8F945A0526A8CF9F00952062 /* Info.plist */,
				8F945A1D26A8D1A800952062 /* AppDelegate.swift */,
			);
			path = "Support Files";
			sourceTree = "<group>";
		};
		D43E4C2240CE387D7EAD97A9 /* Pods */ = {
			isa = PBXGroup;
			children = (
				9D542F2E9D614785C438F141 /* Pods-SwiftRepositories (iOS).debug.xcconfig */,
				1623FCBFA9A53B9F4E22BF0D /* Pods-SwiftRepositories (iOS).release.xcconfig */,
				433DC8809AE030E7D898DF52 /* Pods-SwiftRepositories (macOS).debug.xcconfig */,
				691A032DE2F19ECBA33C37F5 /* Pods-SwiftRepositories (macOS).release.xcconfig */,
			);
			path = Pods;
			sourceTree = "<group>";
		};
/* End PBXGroup section */

/* Begin PBXNativeTarget section */
		8F945A0126A8CF9F00952062 /* SwiftRepositories (iOS) */ = {
			isa = PBXNativeTarget;
			buildConfigurationList = 8F945A1626A8CF9F00952062 /* Build configuration list for PBXNativeTarget "SwiftRepositories (iOS)" */;
			buildPhases = (
				B4E64AB7466B3149564BE63D /* [CP] Check Pods Manifest.lock */,
				8F9459FE26A8CF9F00952062 /* Sources */,
				8F9459FF26A8CF9F00952062 /* Frameworks */,
				8F945A0026A8CF9F00952062 /* Resources */,
				4791C93689F6EC48809B6C9F /* [CP] Embed Pods Frameworks */,
			);
			buildRules = (
			);
			dependencies = (
			);
			name = "SwiftRepositories (iOS)";
			productName = "SwiftRepositories (iOS)";
			productReference = 8F945A0226A8CF9F00952062 /* SwiftRepositories.app */;
			productType = "com.apple.product-type.application";
		};
		8F945A0926A8CF9F00952062 /* SwiftRepositories (macOS) */ = {
			isa = PBXNativeTarget;
			buildConfigurationList = 8F945A1926A8CF9F00952062 /* Build configuration list for PBXNativeTarget "SwiftRepositories (macOS)" */;
			buildPhases = (
				EAC8C3FF0E9BDEA3FE62386A /* [CP] Check Pods Manifest.lock */,
				8F945A0626A8CF9F00952062 /* Sources */,
				8F945A0726A8CF9F00952062 /* Frameworks */,
				8F945A0826A8CF9F00952062 /* Resources */,
			);
			buildRules = (
			);
			dependencies = (
			);
			name = "SwiftRepositories (macOS)";
			productName = "SwiftRepositories (macOS)";
			productReference = 8F945A0A26A8CF9F00952062 /* SwiftRepositories.app */;
			productType = "com.apple.product-type.application";
		};
/* End PBXNativeTarget section */

/* Begin PBXProject section */
		8F9459F626A8CF9D00952062 /* Project object */ = {
			isa = PBXProject;
			attributes = {
				LastSwiftUpdateCheck = 1250;
				LastUpgradeCheck = 1250;
				TargetAttributes = {
					8F945A0126A8CF9F00952062 = {
						CreatedOnToolsVersion = 12.5.1;
					};
					8F945A0926A8CF9F00952062 = {
						CreatedOnToolsVersion = 12.5.1;
					};
				};
			};
			buildConfigurationList = 8F9459F926A8CF9D00952062 /* Build configuration list for PBXProject "SwiftRepositories" */;
			compatibilityVersion = "Xcode 9.3";
			developmentRegion = en;
			hasScannedForEncodings = 0;
			knownRegions = (
				en,
				Base,
			);
			mainGroup = 8F9459F526A8CF9D00952062;
			productRefGroup = 8F945A0326A8CF9F00952062 /* Products */;
			projectDirPath = "";
			projectRoot = "";
			targets = (
				8F945A0126A8CF9F00952062 /* SwiftRepositories (iOS) */,
				8F945A0926A8CF9F00952062 /* SwiftRepositories (macOS) */,
			);
		};
/* End PBXProject section */

/* Begin PBXResourcesBuildPhase section */
		8F945A0026A8CF9F00952062 /* Resources */ = {
			isa = PBXResourcesBuildPhase;
			buildActionMask = 2147483647;
			files = (
				8F945A2C26A8EB6900952062 /* RepositoryTableViewCell.xib in Resources */,
				B3C1F31926AB4D490039C755 /* RepositoryDetailsViewController.xib in Resources */,
				B3C1F31B26AB4E830039C755 /* RepositoriesViewController.xib in Resources */,
				8F945A1226A8CF9F00952062 /* Assets.xcassets in Resources */,
				8F945A2F26A8EBD200952062 /* LaunchScreen.storyboard in Resources */,
			);
			runOnlyForDeploymentPostprocessing = 0;
		};
		8F945A0826A8CF9F00952062 /* Resources */ = {
			isa = PBXResourcesBuildPhase;
			buildActionMask = 2147483647;
			files = (
				8F945A2D26A8EB6900952062 /* RepositoryTableViewCell.xib in Resources */,
				8F945A1326A8CF9F00952062 /* Assets.xcassets in Resources */,
				8F945A3026A8EBD200952062 /* LaunchScreen.storyboard in Resources */,
			);
			runOnlyForDeploymentPostprocessing = 0;
		};
/* End PBXResourcesBuildPhase section */

/* Begin PBXShellScriptBuildPhase section */
		4791C93689F6EC48809B6C9F /* [CP] Embed Pods Frameworks */ = {
			isa = PBXShellScriptBuildPhase;
			buildActionMask = 2147483647;
			files = (
			);
			inputFileListPaths = (
				"${PODS_ROOT}/Target Support Files/Pods-SwiftRepositories (iOS)/Pods-SwiftRepositories (iOS)-frameworks-${CONFIGURATION}-input-files.xcfilelist",
			);
			name = "[CP] Embed Pods Frameworks";
			outputFileListPaths = (
				"${PODS_ROOT}/Target Support Files/Pods-SwiftRepositories (iOS)/Pods-SwiftRepositories (iOS)-frameworks-${CONFIGURATION}-output-files.xcfilelist",
			);
			runOnlyForDeploymentPostprocessing = 0;
			shellPath = /bin/sh;
			shellScript = "\"${PODS_ROOT}/Target Support Files/Pods-SwiftRepositories (iOS)/Pods-SwiftRepositories (iOS)-frameworks.sh\"\n";
			showEnvVarsInLog = 0;
		};
		B4E64AB7466B3149564BE63D /* [CP] Check Pods Manifest.lock */ = {
			isa = PBXShellScriptBuildPhase;
			buildActionMask = 2147483647;
			files = (
			);
			inputFileListPaths = (
			);
			inputPaths = (
				"${PODS_PODFILE_DIR_PATH}/Podfile.lock",
				"${PODS_ROOT}/Manifest.lock",
			);
			name = "[CP] Check Pods Manifest.lock";
			outputFileListPaths = (
			);
			outputPaths = (
				"$(DERIVED_FILE_DIR)/Pods-SwiftRepositories (iOS)-checkManifestLockResult.txt",
			);
			runOnlyForDeploymentPostprocessing = 0;
			shellPath = /bin/sh;
			shellScript = "diff \"${PODS_PODFILE_DIR_PATH}/Podfile.lock\" \"${PODS_ROOT}/Manifest.lock\" > /dev/null\nif [ $? != 0 ] ; then\n    # print error to STDERR\n    echo \"error: The sandbox is not in sync with the Podfile.lock. Run 'pod install' or update your CocoaPods installation.\" >&2\n    exit 1\nfi\n# This output is used by Xcode 'outputs' to avoid re-running this script phase.\necho \"SUCCESS\" > \"${SCRIPT_OUTPUT_FILE_0}\"\n";
			showEnvVarsInLog = 0;
		};
		EAC8C3FF0E9BDEA3FE62386A /* [CP] Check Pods Manifest.lock */ = {
			isa = PBXShellScriptBuildPhase;
			buildActionMask = 2147483647;
			files = (
			);
			inputFileListPaths = (
			);
			inputPaths = (
				"${PODS_PODFILE_DIR_PATH}/Podfile.lock",
				"${PODS_ROOT}/Manifest.lock",
			);
			name = "[CP] Check Pods Manifest.lock";
			outputFileListPaths = (
			);
			outputPaths = (
				"$(DERIVED_FILE_DIR)/Pods-SwiftRepositories (macOS)-checkManifestLockResult.txt",
			);
			runOnlyForDeploymentPostprocessing = 0;
			shellPath = /bin/sh;
			shellScript = "diff \"${PODS_PODFILE_DIR_PATH}/Podfile.lock\" \"${PODS_ROOT}/Manifest.lock\" > /dev/null\nif [ $? != 0 ] ; then\n    # print error to STDERR\n    echo \"error: The sandbox is not in sync with the Podfile.lock. Run 'pod install' or update your CocoaPods installation.\" >&2\n    exit 1\nfi\n# This output is used by Xcode 'outputs' to avoid re-running this script phase.\necho \"SUCCESS\" > \"${SCRIPT_OUTPUT_FILE_0}\"\n";
			showEnvVarsInLog = 0;
		};
/* End PBXShellScriptBuildPhase section */

/* Begin PBXSourcesBuildPhase section */
		8F9459FE26A8CF9F00952062 /* Sources */ = {
			isa = PBXSourcesBuildPhase;
			buildActionMask = 2147483647;
			files = (
				B3C1F30826AB42040039C755 /* RepositoriesViewDelegate.swift in Sources */,
				8F945A4726A90FB100952062 /* NibReusable.swift in Sources */,
				B3C1F31726AB4C880039C755 /* UIViewController+Instantiate.swift in Sources */,
				8F945A3E26A9013800952062 /* RepositoriesDecodable.swift in Sources */,
				8F945A4226A90C8600952062 /* Owner.swift in Sources */,
				B3C1F30426AB3DD00039C755 /* RepositoryDetailsViewModel.swift in Sources */,
				8F945A3626A8FA1B00952062 /* AppDelegate.swift in Sources */,
				8F7149EF26AA065100E42AF1 /* RepositoryDetailsViewController.swift in Sources */,
				B3C1F30A26AB42320039C755 /* RepositoryDetailsViewModelProtocol.swift in Sources */,
				B3C1F30626AB41E40039C755 /* RepositoriesViewModelProtocol.swift in Sources */,
				8F945A4526A90F6F00952062 /* UIViewController+ProgressHUD.swift in Sources */,
				8F945A2626A8DA2B00952062 /* RepositoriesViewController.swift in Sources */,
				B3AB1A5326AA14700099A8B6 /* RepositoriesViewModel.swift in Sources */,
				8F945A2026A8D27500952062 /* RepositoriesService.swift in Sources */,
				8F945A3426A8EE4200952062 /* CommonErrors.swift in Sources */,
				8F945A2A26A8EB6900952062 /* RepositoryTableViewCell.swift in Sources */,
				8F945A3826A8FCE300952062 /* Repository.swift in Sources */,
			);
			runOnlyForDeploymentPostprocessing = 0;
		};
		8F945A0626A8CF9F00952062 /* Sources */ = {
			isa = PBXSourcesBuildPhase;
			buildActionMask = 2147483647;
			files = (
				8F945A3526A8EE4200952062 /* CommonErrors.swift in Sources */,
				8F7149F026AA065100E42AF1 /* RepositoryDetailsViewController.swift in Sources */,
				8F945A2726A8DA2B00952062 /* RepositoriesViewController.swift in Sources */,
				B3C1F31526AB4ADC0039C755 /* AppDelegate.swift in Sources */,
				8F945A2B26A8EB6900952062 /* RepositoryTableViewCell.swift in Sources */,
			);
			runOnlyForDeploymentPostprocessing = 0;
		};
/* End PBXSourcesBuildPhase section */

/* Begin XCBuildConfiguration section */
		8F945A1426A8CF9F00952062 /* Debug */ = {
			isa = XCBuildConfiguration;
			buildSettings = {
				ALWAYS_SEARCH_USER_PATHS = NO;
				CLANG_ANALYZER_NONNULL = YES;
				CLANG_ANALYZER_NUMBER_OBJECT_CONVERSION = YES_AGGRESSIVE;
				CLANG_CXX_LANGUAGE_STANDARD = "gnu++14";
				CLANG_CXX_LIBRARY = "libc++";
				CLANG_ENABLE_MODULES = YES;
				CLANG_ENABLE_OBJC_ARC = YES;
				CLANG_ENABLE_OBJC_WEAK = YES;
				CLANG_WARN_BLOCK_CAPTURE_AUTORELEASING = YES;
				CLANG_WARN_BOOL_CONVERSION = YES;
				CLANG_WARN_COMMA = YES;
				CLANG_WARN_CONSTANT_CONVERSION = YES;
				CLANG_WARN_DEPRECATED_OBJC_IMPLEMENTATIONS = YES;
				CLANG_WARN_DIRECT_OBJC_ISA_USAGE = YES_ERROR;
				CLANG_WARN_DOCUMENTATION_COMMENTS = YES;
				CLANG_WARN_EMPTY_BODY = YES;
				CLANG_WARN_ENUM_CONVERSION = YES;
				CLANG_WARN_INFINITE_RECURSION = YES;
				CLANG_WARN_INT_CONVERSION = YES;
				CLANG_WARN_NON_LITERAL_NULL_CONVERSION = YES;
				CLANG_WARN_OBJC_IMPLICIT_RETAIN_SELF = YES;
				CLANG_WARN_OBJC_LITERAL_CONVERSION = YES;
				CLANG_WARN_OBJC_ROOT_CLASS = YES_ERROR;
				CLANG_WARN_QUOTED_INCLUDE_IN_FRAMEWORK_HEADER = YES;
				CLANG_WARN_RANGE_LOOP_ANALYSIS = YES;
				CLANG_WARN_STRICT_PROTOTYPES = YES;
				CLANG_WARN_SUSPICIOUS_MOVE = YES;
				CLANG_WARN_UNGUARDED_AVAILABILITY = YES_AGGRESSIVE;
				CLANG_WARN_UNREACHABLE_CODE = YES;
				CLANG_WARN__DUPLICATE_METHOD_MATCH = YES;
				COPY_PHASE_STRIP = NO;
				DEBUG_INFORMATION_FORMAT = dwarf;
				ENABLE_STRICT_OBJC_MSGSEND = YES;
				ENABLE_TESTABILITY = YES;
				GCC_C_LANGUAGE_STANDARD = gnu11;
				GCC_DYNAMIC_NO_PIC = NO;
				GCC_NO_COMMON_BLOCKS = YES;
				GCC_OPTIMIZATION_LEVEL = 0;
				GCC_PREPROCESSOR_DEFINITIONS = (
					"DEBUG=1",
					"$(inherited)",
				);
				GCC_WARN_64_TO_32_BIT_CONVERSION = YES;
				GCC_WARN_ABOUT_RETURN_TYPE = YES_ERROR;
				GCC_WARN_UNDECLARED_SELECTOR = YES;
				GCC_WARN_UNINITIALIZED_AUTOS = YES_AGGRESSIVE;
				GCC_WARN_UNUSED_FUNCTION = YES;
				GCC_WARN_UNUSED_VARIABLE = YES;
				MTL_ENABLE_DEBUG_INFO = INCLUDE_SOURCE;
				MTL_FAST_MATH = YES;
				ONLY_ACTIVE_ARCH = YES;
				SWIFT_ACTIVE_COMPILATION_CONDITIONS = DEBUG;
				SWIFT_OPTIMIZATION_LEVEL = "-Onone";
			};
			name = Debug;
		};
		8F945A1526A8CF9F00952062 /* Release */ = {
			isa = XCBuildConfiguration;
			buildSettings = {
				ALWAYS_SEARCH_USER_PATHS = NO;
				CLANG_ANALYZER_NONNULL = YES;
				CLANG_ANALYZER_NUMBER_OBJECT_CONVERSION = YES_AGGRESSIVE;
				CLANG_CXX_LANGUAGE_STANDARD = "gnu++14";
				CLANG_CXX_LIBRARY = "libc++";
				CLANG_ENABLE_MODULES = YES;
				CLANG_ENABLE_OBJC_ARC = YES;
				CLANG_ENABLE_OBJC_WEAK = YES;
				CLANG_WARN_BLOCK_CAPTURE_AUTORELEASING = YES;
				CLANG_WARN_BOOL_CONVERSION = YES;
				CLANG_WARN_COMMA = YES;
				CLANG_WARN_CONSTANT_CONVERSION = YES;
				CLANG_WARN_DEPRECATED_OBJC_IMPLEMENTATIONS = YES;
				CLANG_WARN_DIRECT_OBJC_ISA_USAGE = YES_ERROR;
				CLANG_WARN_DOCUMENTATION_COMMENTS = YES;
				CLANG_WARN_EMPTY_BODY = YES;
				CLANG_WARN_ENUM_CONVERSION = YES;
				CLANG_WARN_INFINITE_RECURSION = YES;
				CLANG_WARN_INT_CONVERSION = YES;
				CLANG_WARN_NON_LITERAL_NULL_CONVERSION = YES;
				CLANG_WARN_OBJC_IMPLICIT_RETAIN_SELF = YES;
				CLANG_WARN_OBJC_LITERAL_CONVERSION = YES;
				CLANG_WARN_OBJC_ROOT_CLASS = YES_ERROR;
				CLANG_WARN_QUOTED_INCLUDE_IN_FRAMEWORK_HEADER = YES;
				CLANG_WARN_RANGE_LOOP_ANALYSIS = YES;
				CLANG_WARN_STRICT_PROTOTYPES = YES;
				CLANG_WARN_SUSPICIOUS_MOVE = YES;
				CLANG_WARN_UNGUARDED_AVAILABILITY = YES_AGGRESSIVE;
				CLANG_WARN_UNREACHABLE_CODE = YES;
				CLANG_WARN__DUPLICATE_METHOD_MATCH = YES;
				COPY_PHASE_STRIP = NO;
				DEBUG_INFORMATION_FORMAT = "dwarf-with-dsym";
				ENABLE_NS_ASSERTIONS = NO;
				ENABLE_STRICT_OBJC_MSGSEND = YES;
				GCC_C_LANGUAGE_STANDARD = gnu11;
				GCC_NO_COMMON_BLOCKS = YES;
				GCC_WARN_64_TO_32_BIT_CONVERSION = YES;
				GCC_WARN_ABOUT_RETURN_TYPE = YES_ERROR;
				GCC_WARN_UNDECLARED_SELECTOR = YES;
				GCC_WARN_UNINITIALIZED_AUTOS = YES_AGGRESSIVE;
				GCC_WARN_UNUSED_FUNCTION = YES;
				GCC_WARN_UNUSED_VARIABLE = YES;
				MTL_ENABLE_DEBUG_INFO = NO;
				MTL_FAST_MATH = YES;
				SWIFT_COMPILATION_MODE = wholemodule;
				SWIFT_OPTIMIZATION_LEVEL = "-O";
			};
			name = Release;
		};
		8F945A1726A8CF9F00952062 /* Debug */ = {
			isa = XCBuildConfiguration;
			baseConfigurationReference = 9D542F2E9D614785C438F141 /* Pods-SwiftRepositories (iOS).debug.xcconfig */;
			buildSettings = {
				ASSETCATALOG_COMPILER_APPICON_NAME = AppIcon;
				ASSETCATALOG_COMPILER_GLOBAL_ACCENT_COLOR_NAME = AccentColor;
				BASE_URL = "https://api.github.com";
				CODE_SIGN_STYLE = Automatic;
				DEVELOPMENT_TEAM = 4W4CDBHWB5;
				ENABLE_PREVIEWS = YES;
				INFOPLIST_FILE = "Shared/Support Files/Info.plist";
				IPHONEOS_DEPLOYMENT_TARGET = 14.0;
				LD_RUNPATH_SEARCH_PATHS = (
					"$(inherited)",
					"@executable_path/Frameworks",
				);
				PRODUCT_BUNDLE_IDENTIFIER = com.vini.SwiftRepositories;
				PRODUCT_NAME = SwiftRepositories;
				SDKROOT = iphoneos;
				SWIFT_VERSION = 5.0;
				TARGETED_DEVICE_FAMILY = 1;
			};
			name = Debug;
		};
		8F945A1826A8CF9F00952062 /* Release */ = {
			isa = XCBuildConfiguration;
			baseConfigurationReference = 1623FCBFA9A53B9F4E22BF0D /* Pods-SwiftRepositories (iOS).release.xcconfig */;
			buildSettings = {
				ASSETCATALOG_COMPILER_APPICON_NAME = AppIcon;
				ASSETCATALOG_COMPILER_GLOBAL_ACCENT_COLOR_NAME = AccentColor;
				BASE_URL = "https://api.github.com";
				CODE_SIGN_STYLE = Automatic;
				DEVELOPMENT_TEAM = 4W4CDBHWB5;
				ENABLE_PREVIEWS = YES;
				INFOPLIST_FILE = "Shared/Support Files/Info.plist";
				IPHONEOS_DEPLOYMENT_TARGET = 14.0;
				LD_RUNPATH_SEARCH_PATHS = (
					"$(inherited)",
					"@executable_path/Frameworks",
				);
				PRODUCT_BUNDLE_IDENTIFIER = com.vini.SwiftRepositories;
				PRODUCT_NAME = SwiftRepositories;
				SDKROOT = iphoneos;
				SWIFT_VERSION = 5.0;
				TARGETED_DEVICE_FAMILY = 1;
				VALIDATE_PRODUCT = YES;
			};
			name = Release;
		};
		8F945A1A26A8CF9F00952062 /* Debug */ = {
			isa = XCBuildConfiguration;
			baseConfigurationReference = 433DC8809AE030E7D898DF52 /* Pods-SwiftRepositories (macOS).debug.xcconfig */;
			buildSettings = {
				ASSETCATALOG_COMPILER_APPICON_NAME = AppIcon;
				ASSETCATALOG_COMPILER_GLOBAL_ACCENT_COLOR_NAME = AccentColor;
				CODE_SIGN_ENTITLEMENTS = macOS/macOS.entitlements;
				CODE_SIGN_IDENTITY = "-";
				CODE_SIGN_STYLE = Automatic;
				COMBINE_HIDPI_IMAGES = YES;
				DEVELOPMENT_TEAM = 4W4CDBHWB5;
				ENABLE_HARDENED_RUNTIME = YES;
				ENABLE_PREVIEWS = YES;
				INFOPLIST_FILE = macOS/Info.plist;
				LD_RUNPATH_SEARCH_PATHS = (
					"$(inherited)",
					"@executable_path/../Frameworks",
				);
				MACOSX_DEPLOYMENT_TARGET = 11.0;
				PRODUCT_BUNDLE_IDENTIFIER = com.vini.SwiftRepositories;
				PRODUCT_NAME = SwiftRepositories;
				SDKROOT = macosx;
				SWIFT_VERSION = 5.0;
			};
			name = Debug;
		};
		8F945A1B26A8CF9F00952062 /* Release */ = {
			isa = XCBuildConfiguration;
			baseConfigurationReference = 691A032DE2F19ECBA33C37F5 /* Pods-SwiftRepositories (macOS).release.xcconfig */;
			buildSettings = {
				ASSETCATALOG_COMPILER_APPICON_NAME = AppIcon;
				ASSETCATALOG_COMPILER_GLOBAL_ACCENT_COLOR_NAME = AccentColor;
				CODE_SIGN_ENTITLEMENTS = macOS/macOS.entitlements;
				CODE_SIGN_IDENTITY = "-";
				CODE_SIGN_STYLE = Automatic;
				COMBINE_HIDPI_IMAGES = YES;
				DEVELOPMENT_TEAM = 4W4CDBHWB5;
				ENABLE_HARDENED_RUNTIME = YES;
				ENABLE_PREVIEWS = YES;
				INFOPLIST_FILE = macOS/Info.plist;
				LD_RUNPATH_SEARCH_PATHS = (
					"$(inherited)",
					"@executable_path/../Frameworks",
				);
				MACOSX_DEPLOYMENT_TARGET = 11.0;
				PRODUCT_BUNDLE_IDENTIFIER = com.vini.SwiftRepositories;
				PRODUCT_NAME = SwiftRepositories;
				SDKROOT = macosx;
				SWIFT_VERSION = 5.0;
			};
			name = Release;
		};
/* End XCBuildConfiguration section */

/* Begin XCConfigurationList section */
		8F9459F926A8CF9D00952062 /* Build configuration list for PBXProject "SwiftRepositories" */ = {
			isa = XCConfigurationList;
			buildConfigurations = (
				8F945A1426A8CF9F00952062 /* Debug */,
				8F945A1526A8CF9F00952062 /* Release */,
			);
			defaultConfigurationIsVisible = 0;
			defaultConfigurationName = Release;
		};
		8F945A1626A8CF9F00952062 /* Build configuration list for PBXNativeTarget "SwiftRepositories (iOS)" */ = {
			isa = XCConfigurationList;
			buildConfigurations = (
				8F945A1726A8CF9F00952062 /* Debug */,
				8F945A1826A8CF9F00952062 /* Release */,
			);
			defaultConfigurationIsVisible = 0;
			defaultConfigurationName = Release;
		};
		8F945A1926A8CF9F00952062 /* Build configuration list for PBXNativeTarget "SwiftRepositories (macOS)" */ = {
			isa = XCConfigurationList;
			buildConfigurations = (
				8F945A1A26A8CF9F00952062 /* Debug */,
				8F945A1B26A8CF9F00952062 /* Release */,
			);
			defaultConfigurationIsVisible = 0;
			defaultConfigurationName = Release;
		};
/* End XCConfigurationList section */
	};
	rootObject = 8F9459F626A8CF9D00952062 /* Project object */;
}
